// !$*UTF8*$!
{
	archiveVersion = 1;
	classes = {
	};
	objectVersion = 56;
	objects = {

/* Begin PBXBuildFile section */
		8416BEBA2B8FAB94000862D4 /* MapperHomeViewModel.swift in Sources */ = {isa = PBXBuildFile; fileRef = 8416BEB92B8FAB94000862D4 /* MapperHomeViewModel.swift */; };
		8416BEBC2B8FAC32000862D4 /* HomeModel.swift in Sources */ = {isa = PBXBuildFile; fileRef = 8416BEBB2B8FAC32000862D4 /* HomeModel.swift */; };
		8416BEC92B8FCBD9000862D4 /* AlamofireImage in Frameworks */ = {isa = PBXBuildFile; productRef = 8416BEC82B8FCBD9000862D4 /* AlamofireImage */; };
		8424A1A22BA1EBB900EF60AC /* DetailViewController.swift in Sources */ = {isa = PBXBuildFile; fileRef = 8424A1A02BA1EBB900EF60AC /* DetailViewController.swift */; };
		8424A1A32BA1EBB900EF60AC /* DetailViewController.xib in Resources */ = {isa = PBXBuildFile; fileRef = 8424A1A12BA1EBB900EF60AC /* DetailViewController.xib */; };
		8424A1A72BA1EC3600EF60AC /* DetailCoordinator.swift in Sources */ = {isa = PBXBuildFile; fileRef = 8424A1A62BA1EC3600EF60AC /* DetailCoordinator.swift */; };
		8424A1AC2BA217D700EF60AC /* CharacterDetail.swift in Sources */ = {isa = PBXBuildFile; fileRef = 8424A1AB2BA217D700EF60AC /* CharacterDetail.swift */; };
		8470926D2B63F9530017CB60 /* CoordinatorProtocol.swift in Sources */ = {isa = PBXBuildFile; fileRef = 8470926C2B63F9530017CB60 /* CoordinatorProtocol.swift */; };
		8470926F2B63FA4F0017CB60 /* MainCoordinator.swift in Sources */ = {isa = PBXBuildFile; fileRef = 8470926E2B63FA4F0017CB60 /* MainCoordinator.swift */; };
		847092732B64000D0017CB60 /* PageView.swift in Sources */ = {isa = PBXBuildFile; fileRef = 847092712B64000D0017CB60 /* PageView.swift */; };
		847092742B64000D0017CB60 /* PageView.xib in Resources */ = {isa = PBXBuildFile; fileRef = 847092722B64000D0017CB60 /* PageView.xib */; };
		847092762B6407920017CB60 /* PageViewController.swift in Sources */ = {isa = PBXBuildFile; fileRef = 847092752B6407920017CB60 /* PageViewController.swift */; };
		847B4A132B4EE47C005394E4 /* AppDelegate.swift in Sources */ = {isa = PBXBuildFile; fileRef = 847B4A122B4EE47C005394E4 /* AppDelegate.swift */; };
		847B4A152B4EE47C005394E4 /* SceneDelegate.swift in Sources */ = {isa = PBXBuildFile; fileRef = 847B4A142B4EE47C005394E4 /* SceneDelegate.swift */; };
		847B4A172B4EE47C005394E4 /* ViewController.swift in Sources */ = {isa = PBXBuildFile; fileRef = 847B4A162B4EE47C005394E4 /* ViewController.swift */; };
		847B4A1A2B4EE47C005394E4 /* Main.storyboard in Resources */ = {isa = PBXBuildFile; fileRef = 847B4A182B4EE47C005394E4 /* Main.storyboard */; };
		847B4A1C2B4EE47D005394E4 /* Assets.xcassets in Resources */ = {isa = PBXBuildFile; fileRef = 847B4A1B2B4EE47D005394E4 /* Assets.xcassets */; };
		847B4A1F2B4EE47D005394E4 /* LaunchScreen.storyboard in Resources */ = {isa = PBXBuildFile; fileRef = 847B4A1D2B4EE47D005394E4 /* LaunchScreen.storyboard */; };
		8494D1622B91153D0000CEDF /* Extensions.swift in Sources */ = {isa = PBXBuildFile; fileRef = 8494D1612B91153D0000CEDF /* Extensions.swift */; };
		84A928C52BA33FB40082D5AC /* DetailModel.swift in Sources */ = {isa = PBXBuildFile; fileRef = 84A928C42BA33FB40082D5AC /* DetailModel.swift */; };
		84A928C72BA3433E0082D5AC /* MapperDetailModel.swift in Sources */ = {isa = PBXBuildFile; fileRef = 84A928C62BA3433E0082D5AC /* MapperDetailModel.swift */; };
		84B0726A2B87BF1B00AE6B4F /* HomeViewController.swift in Sources */ = {isa = PBXBuildFile; fileRef = 84B072692B87BF1B00AE6B4F /* HomeViewController.swift */; };
		84B0726C2B87C46B00AE6B4F /* ExternalDataManager.swift in Sources */ = {isa = PBXBuildFile; fileRef = 84B0726B2B87C46B00AE6B4F /* ExternalDataManager.swift */; };
		84B0726E2B87C4EA00AE6B4F /* Constanst.swift in Sources */ = {isa = PBXBuildFile; fileRef = 84B0726D2B87C4EA00AE6B4F /* Constanst.swift */; };
		84B072712B87C81500AE6B4F /* Character.swift in Sources */ = {isa = PBXBuildFile; fileRef = 84B072702B87C81500AE6B4F /* Character.swift */; };
		84B072732B87DE1000AE6B4F /* HomeCollectionViewCell.swift in Sources */ = {isa = PBXBuildFile; fileRef = 84B072722B87DE1000AE6B4F /* HomeCollectionViewCell.swift */; };
		84FF160F2B728DF40096FD9C /* HomeCoordinator.swift in Sources */ = {isa = PBXBuildFile; fileRef = 84FF160E2B728DF40096FD9C /* HomeCoordinator.swift */; };
/* End PBXBuildFile section */

/* Begin PBXFileReference section */
		8416BEB92B8FAB94000862D4 /* MapperHomeViewModel.swift */ = {isa = PBXFileReference; lastKnownFileType = sourcecode.swift; path = MapperHomeViewModel.swift; sourceTree = "<group>"; };
		8416BEBB2B8FAC32000862D4 /* HomeModel.swift */ = {isa = PBXFileReference; lastKnownFileType = sourcecode.swift; path = HomeModel.swift; sourceTree = "<group>"; };
		8424A1A02BA1EBB900EF60AC /* DetailViewController.swift */ = {isa = PBXFileReference; lastKnownFileType = sourcecode.swift; path = DetailViewController.swift; sourceTree = "<group>"; };
		8424A1A12BA1EBB900EF60AC /* DetailViewController.xib */ = {isa = PBXFileReference; lastKnownFileType = file.xib; path = DetailViewController.xib; sourceTree = "<group>"; };
		8424A1A62BA1EC3600EF60AC /* DetailCoordinator.swift */ = {isa = PBXFileReference; lastKnownFileType = sourcecode.swift; path = DetailCoordinator.swift; sourceTree = "<group>"; };
		8424A1AB2BA217D700EF60AC /* CharacterDetail.swift */ = {isa = PBXFileReference; lastKnownFileType = sourcecode.swift; path = CharacterDetail.swift; sourceTree = "<group>"; };
		8470926C2B63F9530017CB60 /* CoordinatorProtocol.swift */ = {isa = PBXFileReference; lastKnownFileType = sourcecode.swift; path = CoordinatorProtocol.swift; sourceTree = "<group>"; };
		8470926E2B63FA4F0017CB60 /* MainCoordinator.swift */ = {isa = PBXFileReference; lastKnownFileType = sourcecode.swift; path = MainCoordinator.swift; sourceTree = "<group>"; };
		847092712B64000D0017CB60 /* PageView.swift */ = {isa = PBXFileReference; lastKnownFileType = sourcecode.swift; path = PageView.swift; sourceTree = "<group>"; };
		847092722B64000D0017CB60 /* PageView.xib */ = {isa = PBXFileReference; lastKnownFileType = file.xib; path = PageView.xib; sourceTree = "<group>"; };
		847092752B6407920017CB60 /* PageViewController.swift */ = {isa = PBXFileReference; lastKnownFileType = sourcecode.swift; path = PageViewController.swift; sourceTree = "<group>"; };
		847B4A0F2B4EE47C005394E4 /* MarvelApp.app */ = {isa = PBXFileReference; explicitFileType = wrapper.application; includeInIndex = 0; path = MarvelApp.app; sourceTree = BUILT_PRODUCTS_DIR; };
		847B4A122B4EE47C005394E4 /* AppDelegate.swift */ = {isa = PBXFileReference; lastKnownFileType = sourcecode.swift; path = AppDelegate.swift; sourceTree = "<group>"; };
		847B4A142B4EE47C005394E4 /* SceneDelegate.swift */ = {isa = PBXFileReference; lastKnownFileType = sourcecode.swift; path = SceneDelegate.swift; sourceTree = "<group>"; };
		847B4A162B4EE47C005394E4 /* ViewController.swift */ = {isa = PBXFileReference; lastKnownFileType = sourcecode.swift; path = ViewController.swift; sourceTree = "<group>"; };
		847B4A192B4EE47C005394E4 /* Base */ = {isa = PBXFileReference; lastKnownFileType = file.storyboard; name = Base; path = Base.lproj/Main.storyboard; sourceTree = "<group>"; };
		847B4A1B2B4EE47D005394E4 /* Assets.xcassets */ = {isa = PBXFileReference; lastKnownFileType = folder.assetcatalog; path = Assets.xcassets; sourceTree = "<group>"; };
		847B4A1E2B4EE47D005394E4 /* Base */ = {isa = PBXFileReference; lastKnownFileType = file.storyboard; name = Base; path = Base.lproj/LaunchScreen.storyboard; sourceTree = "<group>"; };
		847B4A202B4EE47D005394E4 /* Info.plist */ = {isa = PBXFileReference; lastKnownFileType = text.plist.xml; path = Info.plist; sourceTree = "<group>"; };
		8494D1612B91153D0000CEDF /* Extensions.swift */ = {isa = PBXFileReference; lastKnownFileType = sourcecode.swift; path = Extensions.swift; sourceTree = "<group>"; };
		84A928C42BA33FB40082D5AC /* DetailModel.swift */ = {isa = PBXFileReference; lastKnownFileType = sourcecode.swift; path = DetailModel.swift; sourceTree = "<group>"; };
		84A928C62BA3433E0082D5AC /* MapperDetailModel.swift */ = {isa = PBXFileReference; lastKnownFileType = sourcecode.swift; path = MapperDetailModel.swift; sourceTree = "<group>"; };
		84AE25EA2B9B4ED800D2320D /* README.md */ = {isa = PBXFileReference; lastKnownFileType = net.daringfireball.markdown; path = README.md; sourceTree = "<group>"; };
		84B072692B87BF1B00AE6B4F /* HomeViewController.swift */ = {isa = PBXFileReference; lastKnownFileType = sourcecode.swift; path = HomeViewController.swift; sourceTree = "<group>"; };
		84B0726B2B87C46B00AE6B4F /* ExternalDataManager.swift */ = {isa = PBXFileReference; lastKnownFileType = sourcecode.swift; path = ExternalDataManager.swift; sourceTree = "<group>"; };
		84B0726D2B87C4EA00AE6B4F /* Constanst.swift */ = {isa = PBXFileReference; lastKnownFileType = sourcecode.swift; path = Constanst.swift; sourceTree = "<group>"; };
		84B072702B87C81500AE6B4F /* Character.swift */ = {isa = PBXFileReference; lastKnownFileType = sourcecode.swift; path = Character.swift; sourceTree = "<group>"; };
		84B072722B87DE1000AE6B4F /* HomeCollectionViewCell.swift */ = {isa = PBXFileReference; lastKnownFileType = sourcecode.swift; path = HomeCollectionViewCell.swift; sourceTree = "<group>"; };
		84FF160E2B728DF40096FD9C /* HomeCoordinator.swift */ = {isa = PBXFileReference; lastKnownFileType = sourcecode.swift; path = HomeCoordinator.swift; sourceTree = "<group>"; };
/* End PBXFileReference section */

/* Begin PBXFrameworksBuildPhase section */
		847B4A0C2B4EE47C005394E4 /* Frameworks */ = {
			isa = PBXFrameworksBuildPhase;
			buildActionMask = 2147483647;
			files = (
				8416BEC92B8FCBD9000862D4 /* AlamofireImage in Frameworks */,
			);
			runOnlyForDeploymentPostprocessing = 0;
		};
/* End PBXFrameworksBuildPhase section */

/* Begin PBXGroup section */
		8411C29C2BA48BFF0091F419 /* Model */ = {
			isa = PBXGroup;
			children = (
				8424A1AB2BA217D700EF60AC /* CharacterDetail.swift */,
				84B072702B87C81500AE6B4F /* Character.swift */,
			);
			path = Model;
			sourceTree = "<group>";
		};
		8416BEB82B8FAB63000862D4 /* Managers */ = {
			isa = PBXGroup;
			children = (
				84B0726B2B87C46B00AE6B4F /* ExternalDataManager.swift */,
			);
			path = Managers;
			sourceTree = "<group>";
		};
		8424A19C2BA1EB5100EF60AC /* Detail */ = {
			isa = PBXGroup;
			children = (
				8424A1A82BA1F22500EF60AC /* Model */,
				8424A1A42BA1EBC300EF60AC /* View */,
				8424A19F2BA1EB7000EF60AC /* Controller */,
				8424A1A52BA1EC2400EF60AC /* Coordinator */,
			);
			path = Detail;
			sourceTree = "<group>";
		};
		8424A19F2BA1EB7000EF60AC /* Controller */ = {
			isa = PBXGroup;
			children = (
				8424A1A02BA1EBB900EF60AC /* DetailViewController.swift */,
			);
			path = Controller;
			sourceTree = "<group>";
		};
		8424A1A42BA1EBC300EF60AC /* View */ = {
			isa = PBXGroup;
			children = (
				8424A1A12BA1EBB900EF60AC /* DetailViewController.xib */,
			);
			path = View;
			sourceTree = "<group>";
		};
		8424A1A52BA1EC2400EF60AC /* Coordinator */ = {
			isa = PBXGroup;
			children = (
				8424A1A62BA1EC3600EF60AC /* DetailCoordinator.swift */,
			);
			path = Coordinator;
			sourceTree = "<group>";
		};
		8424A1A82BA1F22500EF60AC /* Model */ = {
			isa = PBXGroup;
			children = (
				84A928C42BA33FB40082D5AC /* DetailModel.swift */,
			);
			path = Model;
			sourceTree = "<group>";
		};
		8470926B2B63F91B0017CB60 /* Coordinstors */ = {
			isa = PBXGroup;
			children = (
				8470926C2B63F9530017CB60 /* CoordinatorProtocol.swift */,
				8470926E2B63FA4F0017CB60 /* MainCoordinator.swift */,
			);
			path = Coordinstors;
			sourceTree = "<group>";
		};
		847B4A062B4EE47C005394E4 = {
			isa = PBXGroup;
			children = (
				847B4A112B4EE47C005394E4 /* MarvelApp */,
				847B4A102B4EE47C005394E4 /* Products */,
			);
			sourceTree = "<group>";
		};
		847B4A102B4EE47C005394E4 /* Products */ = {
			isa = PBXGroup;
			children = (
				847B4A0F2B4EE47C005394E4 /* MarvelApp.app */,
			);
			name = Products;
			sourceTree = "<group>";
		};
		847B4A112B4EE47C005394E4 /* MarvelApp */ = {
			isa = PBXGroup;
			children = (
				8411C29C2BA48BFF0091F419 /* Model */,
				847B4A122B4EE47C005394E4 /* AppDelegate.swift */,
				847B4A142B4EE47C005394E4 /* SceneDelegate.swift */,
				847B4A162B4EE47C005394E4 /* ViewController.swift */,
				8424A19C2BA1EB5100EF60AC /* Detail */,
				84D70AC72B925F3A008B7813 /* Home */,
				84D70AC42B925EB0008B7813 /* PageView */,
				8494D1602B9115310000CEDF /* Resource */,
				8416BEB82B8FAB63000862D4 /* Managers */,
				8470926B2B63F91B0017CB60 /* Coordinstors */,
				847B4A1B2B4EE47D005394E4 /* Assets.xcassets */,
				847B4A1D2B4EE47D005394E4 /* LaunchScreen.storyboard */,
				847B4A202B4EE47D005394E4 /* Info.plist */,
				84AE25EA2B9B4ED800D2320D /* README.md */,
			);
			path = MarvelApp;
			sourceTree = "<group>";
		};
		8494D1602B9115310000CEDF /* Resource */ = {
			isa = PBXGroup;
			children = (
				8416BEB92B8FAB94000862D4 /* MapperHomeViewModel.swift */,
				84A928C62BA3433E0082D5AC /* MapperDetailModel.swift */,
				84B0726D2B87C4EA00AE6B4F /* Constanst.swift */,
				8494D1612B91153D0000CEDF /* Extensions.swift */,
			);
			path = Resource;
			sourceTree = "<group>";
		};
		84B0726F2B87C7FD00AE6B4F /* Model */ = {
			isa = PBXGroup;
			children = (
				8416BEBB2B8FAC32000862D4 /* HomeModel.swift */,
			);
			path = Model;
			sourceTree = "<group>";
		};
		84D70AC42B925EB0008B7813 /* PageView */ = {
			isa = PBXGroup;
			children = (
				84D70AC62B925F11008B7813 /* View */,
				84D70AC52B925F05008B7813 /* Controller */,
			);
			path = PageView;
			sourceTree = "<group>";
		};
		84D70AC52B925F05008B7813 /* Controller */ = {
			isa = PBXGroup;
			children = (
				847092752B6407920017CB60 /* PageViewController.swift */,
			);
			path = Controller;
			sourceTree = "<group>";
		};
		84D70AC62B925F11008B7813 /* View */ = {
			isa = PBXGroup;
			children = (
				847092712B64000D0017CB60 /* PageView.swift */,
				847092722B64000D0017CB60 /* PageView.xib */,
			);
			path = View;
			sourceTree = "<group>";
		};
		84D70AC72B925F3A008B7813 /* Home */ = {
			isa = PBXGroup;
			children = (
				84D70ACA2B925FC8008B7813 /* Coordinator */,
				84D70AC92B925F85008B7813 /* View */,
				84D70AC82B925F62008B7813 /* Controller */,
				84B0726F2B87C7FD00AE6B4F /* Model */,
			);
			path = Home;
			sourceTree = "<group>";
		};
		84D70AC82B925F62008B7813 /* Controller */ = {
			isa = PBXGroup;
			children = (
				84B072722B87DE1000AE6B4F /* HomeCollectionViewCell.swift */,
				84B072692B87BF1B00AE6B4F /* HomeViewController.swift */,
			);
			path = Controller;
			sourceTree = "<group>";
		};
		84D70AC92B925F85008B7813 /* View */ = {
			isa = PBXGroup;
			children = (
				847B4A182B4EE47C005394E4 /* Main.storyboard */,
			);
			path = View;
			sourceTree = "<group>";
		};
		84D70ACA2B925FC8008B7813 /* Coordinator */ = {
			isa = PBXGroup;
			children = (
				84FF160E2B728DF40096FD9C /* HomeCoordinator.swift */,
			);
			path = Coordinator;
			sourceTree = "<group>";
		};
/* End PBXGroup section */

/* Begin PBXNativeTarget section */
		847B4A0E2B4EE47C005394E4 /* MarvelApp */ = {
			isa = PBXNativeTarget;
			buildConfigurationList = 847B4A232B4EE47D005394E4 /* Build configuration list for PBXNativeTarget "MarvelApp" */;
			buildPhases = (
				847B4A0B2B4EE47C005394E4 /* Sources */,
				847B4A0C2B4EE47C005394E4 /* Frameworks */,
				847B4A0D2B4EE47C005394E4 /* Resources */,
			);
			buildRules = (
			);
			dependencies = (
			);
			name = MarvelApp;
			packageProductDependencies = (
				8416BEC82B8FCBD9000862D4 /* AlamofireImage */,
			);
			productName = MarvelApp;
			productReference = 847B4A0F2B4EE47C005394E4 /* MarvelApp.app */;
			productType = "com.apple.product-type.application";
		};
/* End PBXNativeTarget section */

/* Begin PBXProject section */
		847B4A072B4EE47C005394E4 /* Project object */ = {
			isa = PBXProject;
			attributes = {
				BuildIndependentTargetsInParallel = 1;
				LastSwiftUpdateCheck = 1500;
				LastUpgradeCheck = 1500;
				TargetAttributes = {
					847B4A0E2B4EE47C005394E4 = {
						CreatedOnToolsVersion = 15.0.1;
					};
				};
			};
			buildConfigurationList = 847B4A0A2B4EE47C005394E4 /* Build configuration list for PBXProject "MarvelApp" */;
			compatibilityVersion = "Xcode 14.0";
			developmentRegion = en;
			hasScannedForEncodings = 0;
			knownRegions = (
				en,
				Base,
			);
			mainGroup = 847B4A062B4EE47C005394E4;
			packageReferences = (
				8416BEC72B8FCBD9000862D4 /* XCRemoteSwiftPackageReference "AlamofireImage" */,
			);
			productRefGroup = 847B4A102B4EE47C005394E4 /* Products */;
			projectDirPath = "";
			projectRoot = "";
			targets = (
				847B4A0E2B4EE47C005394E4 /* MarvelApp */,
			);
		};
/* End PBXProject section */

/* Begin PBXResourcesBuildPhase section */
		847B4A0D2B4EE47C005394E4 /* Resources */ = {
			isa = PBXResourcesBuildPhase;
			buildActionMask = 2147483647;
			files = (
				847B4A1F2B4EE47D005394E4 /* LaunchScreen.storyboard in Resources */,
				847092742B64000D0017CB60 /* PageView.xib in Resources */,
				8424A1A32BA1EBB900EF60AC /* DetailViewController.xib in Resources */,
				847B4A1C2B4EE47D005394E4 /* Assets.xcassets in Resources */,
				847B4A1A2B4EE47C005394E4 /* Main.storyboard in Resources */,
			);
			runOnlyForDeploymentPostprocessing = 0;
		};
/* End PBXResourcesBuildPhase section */

/* Begin PBXSourcesBuildPhase section */
		847B4A0B2B4EE47C005394E4 /* Sources */ = {
			isa = PBXSourcesBuildPhase;
			buildActionMask = 2147483647;
			files = (
				847B4A172B4EE47C005394E4 /* ViewController.swift in Sources */,
				8424A1A22BA1EBB900EF60AC /* DetailViewController.swift in Sources */,
				84FF160F2B728DF40096FD9C /* HomeCoordinator.swift in Sources */,
				84A928C72BA3433E0082D5AC /* MapperDetailModel.swift in Sources */,
				8424A1A72BA1EC3600EF60AC /* DetailCoordinator.swift in Sources */,
				847092762B6407920017CB60 /* PageViewController.swift in Sources */,
				84B072712B87C81500AE6B4F /* Character.swift in Sources */,
				847092732B64000D0017CB60 /* PageView.swift in Sources */,
				84B072732B87DE1000AE6B4F /* HomeCollectionViewCell.swift in Sources */,
				8416BEBA2B8FAB94000862D4 /* MapperHomeViewModel.swift in Sources */,
				84B0726C2B87C46B00AE6B4F /* ExternalDataManager.swift in Sources */,
				8416BEBC2B8FAC32000862D4 /* HomeModel.swift in Sources */,
				8424A1AC2BA217D700EF60AC /* CharacterDetail.swift in Sources */,
				847B4A132B4EE47C005394E4 /* AppDelegate.swift in Sources */,
				84B0726E2B87C4EA00AE6B4F /* Constanst.swift in Sources */,
				8494D1622B91153D0000CEDF /* Extensions.swift in Sources */,
				84B0726A2B87BF1B00AE6B4F /* HomeViewController.swift in Sources */,
				84A928C52BA33FB40082D5AC /* DetailModel.swift in Sources */,
				8470926D2B63F9530017CB60 /* CoordinatorProtocol.swift in Sources */,
				8470926F2B63FA4F0017CB60 /* MainCoordinator.swift in Sources */,
				847B4A152B4EE47C005394E4 /* SceneDelegate.swift in Sources */,
			);
			runOnlyForDeploymentPostprocessing = 0;
		};
/* End PBXSourcesBuildPhase section */

/* Begin PBXVariantGroup section */
		847B4A182B4EE47C005394E4 /* Main.storyboard */ = {
			isa = PBXVariantGroup;
			children = (
				847B4A192B4EE47C005394E4 /* Base */,
			);
			name = Main.storyboard;
			sourceTree = "<group>";
		};
		847B4A1D2B4EE47D005394E4 /* LaunchScreen.storyboard */ = {
			isa = PBXVariantGroup;
			children = (
				847B4A1E2B4EE47D005394E4 /* Base */,
			);
			name = LaunchScreen.storyboard;
			sourceTree = "<group>";
		};
/* End PBXVariantGroup section */

/* Begin XCBuildConfiguration section */
		847B4A212B4EE47D005394E4 /* Debug */ = {
			isa = XCBuildConfiguration;
			buildSettings = {
				ALWAYS_SEARCH_USER_PATHS = NO;
				ASSETCATALOG_COMPILER_GENERATE_SWIFT_ASSET_SYMBOL_EXTENSIONS = YES;
				CLANG_ANALYZER_NONNULL = YES;
				CLANG_ANALYZER_NUMBER_OBJECT_CONVERSION = YES_AGGRESSIVE;
				CLANG_CXX_LANGUAGE_STANDARD = "gnu++20";
				CLANG_ENABLE_MODULES = YES;
				CLANG_ENABLE_OBJC_ARC = YES;
				CLANG_ENABLE_OBJC_WEAK = YES;
				CLANG_WARN_BLOCK_CAPTURE_AUTORELEASING = YES;
				CLANG_WARN_BOOL_CONVERSION = YES;
				CLANG_WARN_COMMA = YES;
				CLANG_WARN_CONSTANT_CONVERSION = YES;
				CLANG_WARN_DEPRECATED_OBJC_IMPLEMENTATIONS = YES;
				CLANG_WARN_DIRECT_OBJC_ISA_USAGE = YES_ERROR;
				CLANG_WARN_DOCUMENTATION_COMMENTS = YES;
				CLANG_WARN_EMPTY_BODY = YES;
				CLANG_WARN_ENUM_CONVERSION = YES;
				CLANG_WARN_INFINITE_RECURSION = YES;
				CLANG_WARN_INT_CONVERSION = YES;
				CLANG_WARN_NON_LITERAL_NULL_CONVERSION = YES;
				CLANG_WARN_OBJC_IMPLICIT_RETAIN_SELF = YES;
				CLANG_WARN_OBJC_LITERAL_CONVERSION = YES;
				CLANG_WARN_OBJC_ROOT_CLASS = YES_ERROR;
				CLANG_WARN_QUOTED_INCLUDE_IN_FRAMEWORK_HEADER = YES;
				CLANG_WARN_RANGE_LOOP_ANALYSIS = YES;
				CLANG_WARN_STRICT_PROTOTYPES = YES;
				CLANG_WARN_SUSPICIOUS_MOVE = YES;
				CLANG_WARN_UNGUARDED_AVAILABILITY = YES_AGGRESSIVE;
				CLANG_WARN_UNREACHABLE_CODE = YES;
				CLANG_WARN__DUPLICATE_METHOD_MATCH = YES;
				COPY_PHASE_STRIP = NO;
				DEBUG_INFORMATION_FORMAT = dwarf;
				ENABLE_STRICT_OBJC_MSGSEND = YES;
				ENABLE_TESTABILITY = YES;
				ENABLE_USER_SCRIPT_SANDBOXING = YES;
				GCC_C_LANGUAGE_STANDARD = gnu17;
				GCC_DYNAMIC_NO_PIC = NO;
				GCC_NO_COMMON_BLOCKS = YES;
				GCC_OPTIMIZATION_LEVEL = 0;
				GCC_PREPROCESSOR_DEFINITIONS = (
					"DEBUG=1",
					"$(inherited)",
				);
				GCC_WARN_64_TO_32_BIT_CONVERSION = YES;
				GCC_WARN_ABOUT_RETURN_TYPE = YES_ERROR;
				GCC_WARN_UNDECLARED_SELECTOR = YES;
				GCC_WARN_UNINITIALIZED_AUTOS = YES_AGGRESSIVE;
				GCC_WARN_UNUSED_FUNCTION = YES;
				GCC_WARN_UNUSED_VARIABLE = YES;
				IPHONEOS_DEPLOYMENT_TARGET = 17.0;
				LOCALIZATION_PREFERS_STRING_CATALOGS = YES;
				MTL_ENABLE_DEBUG_INFO = INCLUDE_SOURCE;
				MTL_FAST_MATH = YES;
				ONLY_ACTIVE_ARCH = YES;
				SDKROOT = iphoneos;
				SWIFT_ACTIVE_COMPILATION_CONDITIONS = "DEBUG $(inherited)";
				SWIFT_OPTIMIZATION_LEVEL = "-Onone";
			};
			name = Debug;
		};
		847B4A222B4EE47D005394E4 /* Release */ = {
			isa = XCBuildConfiguration;
			buildSettings = {
				ALWAYS_SEARCH_USER_PATHS = NO;
				ASSETCATALOG_COMPILER_GENERATE_SWIFT_ASSET_SYMBOL_EXTENSIONS = YES;
				CLANG_ANALYZER_NONNULL = YES;
				CLANG_ANALYZER_NUMBER_OBJECT_CONVERSION = YES_AGGRESSIVE;
				CLANG_CXX_LANGUAGE_STANDARD = "gnu++20";
				CLANG_ENABLE_MODULES = YES;
				CLANG_ENABLE_OBJC_ARC = YES;
				CLANG_ENABLE_OBJC_WEAK = YES;
				CLANG_WARN_BLOCK_CAPTURE_AUTORELEASING = YES;
				CLANG_WARN_BOOL_CONVERSION = YES;
				CLANG_WARN_COMMA = YES;
				CLANG_WARN_CONSTANT_CONVERSION = YES;
				CLANG_WARN_DEPRECATED_OBJC_IMPLEMENTATIONS = YES;
				CLANG_WARN_DIRECT_OBJC_ISA_USAGE = YES_ERROR;
				CLANG_WARN_DOCUMENTATION_COMMENTS = YES;
				CLANG_WARN_EMPTY_BODY = YES;
				CLANG_WARN_ENUM_CONVERSION = YES;
				CLANG_WARN_INFINITE_RECURSION = YES;
				CLANG_WARN_INT_CONVERSION = YES;
				CLANG_WARN_NON_LITERAL_NULL_CONVERSION = YES;
				CLANG_WARN_OBJC_IMPLICIT_RETAIN_SELF = YES;
				CLANG_WARN_OBJC_LITERAL_CONVERSION = YES;
				CLANG_WARN_OBJC_ROOT_CLASS = YES_ERROR;
				CLANG_WARN_QUOTED_INCLUDE_IN_FRAMEWORK_HEADER = YES;
				CLANG_WARN_RANGE_LOOP_ANALYSIS = YES;
				CLANG_WARN_STRICT_PROTOTYPES = YES;
				CLANG_WARN_SUSPICIOUS_MOVE = YES;
				CLANG_WARN_UNGUARDED_AVAILABILITY = YES_AGGRESSIVE;
				CLANG_WARN_UNREACHABLE_CODE = YES;
				CLANG_WARN__DUPLICATE_METHOD_MATCH = YES;
				COPY_PHASE_STRIP = NO;
				DEBUG_INFORMATION_FORMAT = "dwarf-with-dsym";
				ENABLE_NS_ASSERTIONS = NO;
				ENABLE_STRICT_OBJC_MSGSEND = YES;
				ENABLE_USER_SCRIPT_SANDBOXING = YES;
				GCC_C_LANGUAGE_STANDARD = gnu17;
				GCC_NO_COMMON_BLOCKS = YES;
				GCC_WARN_64_TO_32_BIT_CONVERSION = YES;
				GCC_WARN_ABOUT_RETURN_TYPE = YES_ERROR;
				GCC_WARN_UNDECLARED_SELECTOR = YES;
				GCC_WARN_UNINITIALIZED_AUTOS = YES_AGGRESSIVE;
				GCC_WARN_UNUSED_FUNCTION = YES;
				GCC_WARN_UNUSED_VARIABLE = YES;
				IPHONEOS_DEPLOYMENT_TARGET = 17.0;
				LOCALIZATION_PREFERS_STRING_CATALOGS = YES;
				MTL_ENABLE_DEBUG_INFO = NO;
				MTL_FAST_MATH = YES;
				SDKROOT = iphoneos;
				SWIFT_COMPILATION_MODE = wholemodule;
				VALIDATE_PRODUCT = YES;
			};
			name = Release;
		};
		847B4A242B4EE47D005394E4 /* Debug */ = {
			isa = XCBuildConfiguration;
			buildSettings = {
				ASSETCATALOG_COMPILER_APPICON_NAME = AppIcon;
				ASSETCATALOG_COMPILER_GLOBAL_ACCENT_COLOR_NAME = AccentColor;
				CODE_SIGN_STYLE = Automatic;
				CURRENT_PROJECT_VERSION = 1;
				GENERATE_INFOPLIST_FILE = YES;
				INFOPLIST_FILE = MarvelApp/Info.plist;
				INFOPLIST_KEY_UIApplicationSupportsIndirectInputEvents = YES;
				INFOPLIST_KEY_UILaunchStoryboardName = LaunchScreen;
				INFOPLIST_KEY_UIMainStoryboardFile = Main;
				INFOPLIST_KEY_UISupportedInterfaceOrientations_iPad = "UIInterfaceOrientationPortrait UIInterfaceOrientationPortraitUpsideDown UIInterfaceOrientationLandscapeLeft UIInterfaceOrientationLandscapeRight";
				INFOPLIST_KEY_UISupportedInterfaceOrientations_iPhone = "UIInterfaceOrientationPortrait UIInterfaceOrientationLandscapeLeft UIInterfaceOrientationLandscapeRight";
				LD_RUNPATH_SEARCH_PATHS = (
					"$(inherited)",
					"@executable_path/Frameworks",
				);
				MARKETING_VERSION = 1.0;
				PRODUCT_BUNDLE_IDENTIFIER = co.victorsheepman.MarvelApp;
				PRODUCT_NAME = "$(TARGET_NAME)";
				SWIFT_EMIT_LOC_STRINGS = YES;
				SWIFT_VERSION = 5.0;
				TARGETED_DEVICE_FAMILY = "1,2";
			};
			name = Debug;
		};
		847B4A252B4EE47D005394E4 /* Release */ = {
			isa = XCBuildConfiguration;
			buildSettings = {
				ASSETCATALOG_COMPILER_APPICON_NAME = AppIcon;
				ASSETCATALOG_COMPILER_GLOBAL_ACCENT_COLOR_NAME = AccentColor;
				CODE_SIGN_STYLE = Automatic;
				CURRENT_PROJECT_VERSION = 1;
				GENERATE_INFOPLIST_FILE = YES;
				INFOPLIST_FILE = MarvelApp/Info.plist;
				INFOPLIST_KEY_UIApplicationSupportsIndirectInputEvents = YES;
				INFOPLIST_KEY_UILaunchStoryboardName = LaunchScreen;
				INFOPLIST_KEY_UIMainStoryboardFile = Main;
				INFOPLIST_KEY_UISupportedInterfaceOrientations_iPad = "UIInterfaceOrientationPortrait UIInterfaceOrientationPortraitUpsideDown UIInterfaceOrientationLandscapeLeft UIInterfaceOrientationLandscapeRight";
				INFOPLIST_KEY_UISupportedInterfaceOrientations_iPhone = "UIInterfaceOrientationPortrait UIInterfaceOrientationLandscapeLeft UIInterfaceOrientationLandscapeRight";
				LD_RUNPATH_SEARCH_PATHS = (
					"$(inherited)",
					"@executable_path/Frameworks",
				);
				MARKETING_VERSION = 1.0;
				PRODUCT_BUNDLE_IDENTIFIER = co.victorsheepman.MarvelApp;
				PRODUCT_NAME = "$(TARGET_NAME)";
				SWIFT_EMIT_LOC_STRINGS = YES;
				SWIFT_VERSION = 5.0;
				TARGETED_DEVICE_FAMILY = "1,2";
			};
			name = Release;
		};
/* End XCBuildConfiguration section */

/* Begin XCConfigurationList section */
		847B4A0A2B4EE47C005394E4 /* Build configuration list for PBXProject "MarvelApp" */ = {
			isa = XCConfigurationList;
			buildConfigurations = (
				847B4A212B4EE47D005394E4 /* Debug */,
				847B4A222B4EE47D005394E4 /* Release */,
			);
			defaultConfigurationIsVisible = 0;
			defaultConfigurationName = Release;
		};
		847B4A232B4EE47D005394E4 /* Build configuration list for PBXNativeTarget "MarvelApp" */ = {
			isa = XCConfigurationList;
			buildConfigurations = (
				847B4A242B4EE47D005394E4 /* Debug */,
				847B4A252B4EE47D005394E4 /* Release */,
			);
			defaultConfigurationIsVisible = 0;
			defaultConfigurationName = Release;
		};
/* End XCConfigurationList section */

/* Begin XCRemoteSwiftPackageReference section */
		8416BEC72B8FCBD9000862D4 /* XCRemoteSwiftPackageReference "AlamofireImage" */ = {
			isa = XCRemoteSwiftPackageReference;
			repositoryURL = "https://github.com/Alamofire/AlamofireImage.git";
			requirement = {
				kind = upToNextMajorVersion;
				minimumVersion = 4.3.0;
			};
		};
/* End XCRemoteSwiftPackageReference section */

/* Begin XCSwiftPackageProductDependency section */
		8416BEC82B8FCBD9000862D4 /* AlamofireImage */ = {
			isa = XCSwiftPackageProductDependency;
			package = 8416BEC72B8FCBD9000862D4 /* XCRemoteSwiftPackageReference "AlamofireImage" */;
			productName = AlamofireImage;
		};
/* End XCSwiftPackageProductDependency section */
	};
	rootObject = 847B4A072B4EE47C005394E4 /* Project object */;
}
